
Microsoft Visual Studio Solution File, Format Version 12.00
# Visual Studio Version 16
VisualStudioVersion = 16.0.31729.503
MinimumVisualStudioVersion = 10.0.40219.1
Project("{FAE04EC0-301F-11D3-BF4B-00C04F79EFBC}") = "GoogleServiceAccount", ".\GoogleServiceAccount\GoogleServiceAccount.csproj", "{FCD66ED7-19C1-419F-AD23-0F7D94F4AD1E}"
EndProject
Project("{FAE04EC0-301F-11D3-BF4B-00C04F79EFBC}") = "GoogleOAuth", ".\GoogleOAuth\GoogleOAuth.csproj", "{319A9A09-D91E-4589-A2C4-F7AF459F10F8}"
EndProject
Global
	GlobalSection(SolutionConfigurationPlatforms) = preSolution
		Debug|Any CPU = Debug|Any CPU
		Release|Any CPU = Release|Any CPU
	EndGlobalSection
	GlobalSection(ProjectConfigurationPlatforms) = postSolution
		{FCD66ED7-19C1-419F-AD23-0F7D94F4AD1E}.Debug|Any CPU.ActiveCfg = Debug|Any CPU
		{FCD66ED7-19C1-419F-AD23-0F7D94F4AD1E}.Debug|Any CPU.Build.0 = Debug|Any CPU
		{FCD66ED7-19C1-419F-AD23-0F7D94F4AD1E}.Release|Any CPU.ActiveCfg = Release|Any CPU
		{FCD66ED7-19C1-419F-AD23-0F7D94F4AD1E}.Release|Any CPU.Build.0 = Release|Any CPU
		{319A9A09-D91E-4589-A2C4-F7AF459F10F8}.Debug|Any CPU.ActiveCfg = Debug|Any CPU
		{319A9A09-D91E-4589-A2C4-F7AF459F10F8}.Debug|Any CPU.Build.0 = Debug|Any CPU
		{319A9A09-D91E-4589-A2C4-F7AF459F10F8}.Release|Any CPU.ActiveCfg = Release|Any CPU
		{319A9A09-D91E-4589-A2C4-F7AF459F10F8}.Release|Any CPU.Build.0 = Release|Any CPU
	EndGlobalSection
	GlobalSection(SolutionProperties) = preSolution
		HideSolutionNode = FALSE
	EndGlobalSection
	GlobalSection(ExtensibilityGlobals) = postSolution
		SolutionGuid = {E8B1AD2B-3F1C-4C5A-BDFD-309D7A1842F6}
	EndGlobalSection
EndGlobal
